{
  "nodes": {
    "home-manager": {
      "inputs": {
        "nixpkgs": [
          "nixpkgs"
        ]
      },
      "locked": {
        "lastModified": 1759691947,
        "narHash": "sha256-+A9wFkB266FZH8Lz/TQfgWf5sOWmYPQZ6p3K8NgpuxU=",
        "owner": "nix-community",
        "repo": "home-manager",
        "rev": "06e268d66bbf6d606b349a4f0be3af66ab3ea2be",
        "type": "github"
      },
      "original": {
        "owner": "nix-community",
        "ref": "master",
        "repo": "home-manager",
        "type": "github"
      }
    },
    "nixpkgs": {
      "locked": {
        "lastModified": 1759381078,
        "narHash": "sha256-gTrEEp5gEspIcCOx9PD8kMaF1iEmfBcTbO0Jag2QhQs=",
        "owner": "nixos",
        "repo": "nixpkgs",
        "rev": "7df7ff7d8e00218376575f0acdcc5d66741351ee",
        "type": "github"
      },
      "original": {
        "owner": "nixos",
        "ref": "nixos-unstable",
        "repo": "nixpkgs",
        "type": "github"
      }
    },
    "private": {
      "locked": {
        "lastModified": 1759708305,
        "narHash": "sha256-zfD3hhXbcdwKY+0ryWhYq6BnovD3EGEjyJOPVnhBWhU=",
        "ref": "refs/heads/master",
        "rev": "0562b04157358bcc6048bd3ec2ef690cdce9a347",
        "revCount": 4,
        "type": "git",
        "url": "ssh://git@github.com/smirzaei/nix-private.git"
      },
      "original": {
        "type": "git",
        "url": "ssh://git@github.com/smirzaei/nix-private.git"
      }
    },
    "root": {
      "inputs": {
        "home-manager": "home-manager",
        "nixpkgs": "nixpkgs",
        "private": "private"
      }
    }
  },
  "root": "root",
  "version": 7
}
